// !$*UTF8*$!
{
	archiveVersion = 1;
	classes = {
	};
	objectVersion = 56;
	objects = {

/* Begin PBXBuildFile section */
		D08FFC612C90F8FA00943EBC /* LocationManager.swift in Sources */ = {isa = PBXBuildFile; fileRef = D08FFC602C90F8FA00943EBC /* LocationManager.swift */; };
		D08FFC632C91047300943EBC /* MapCoordinator.swift in Sources */ = {isa = PBXBuildFile; fileRef = D08FFC622C91047300943EBC /* MapCoordinator.swift */; };
		D0AFE9C12C7FBA520014AFD7 /* chinchorroApp.swift in Sources */ = {isa = PBXBuildFile; fileRef = D0AFE9C02C7FBA520014AFD7 /* chinchorroApp.swift */; };
		D0AFE9C32C7FBA520014AFD7 /* ContentView.swift in Sources */ = {isa = PBXBuildFile; fileRef = D0AFE9C22C7FBA520014AFD7 /* ContentView.swift */; };
		D0AFE9C52C7FBA530014AFD7 /* Assets.xcassets in Resources */ = {isa = PBXBuildFile; fileRef = D0AFE9C42C7FBA530014AFD7 /* Assets.xcassets */; };
		D0AFE9C82C7FBA530014AFD7 /* Preview Assets.xcassets in Resources */ = {isa = PBXBuildFile; fileRef = D0AFE9C72C7FBA530014AFD7 /* Preview Assets.xcassets */; };
		D0AFE9CF2C7FBAA30014AFD7 /* AppDelegate.swift in Sources */ = {isa = PBXBuildFile; fileRef = D0AFE9CE2C7FBAA30014AFD7 /* AppDelegate.swift */; };
		D0AFE9D12C7FBAAE0014AFD7 /* MapView.swift in Sources */ = {isa = PBXBuildFile; fileRef = D0AFE9D02C7FBAAE0014AFD7 /* MapView.swift */; };
		D0AFE9D42C7FBB0F0014AFD7 /* GoogleMaps in Frameworks */ = {isa = PBXBuildFile; productRef = D0AFE9D32C7FBB0F0014AFD7 /* GoogleMaps */; };
		D0AFE9D62C7FBDCC0014AFD7 /* Environment.swift in Sources */ = {isa = PBXBuildFile; fileRef = D0AFE9D52C7FBDCC0014AFD7 /* Environment.swift */; };
		D0AFE9D82C7FBE9A0014AFD7 /* env.json in Resources */ = {isa = PBXBuildFile; fileRef = D0AFE9D72C7FBE9A0014AFD7 /* env.json */; };
		D0AFE9DA2C7FBEFB0014AFD7 /* env.example.json in Resources */ = {isa = PBXBuildFile; fileRef = D0AFE9D92C7FBEFB0014AFD7 /* env.example.json */; };
/* End PBXBuildFile section */

/* Begin PBXFileReference section */
		D08FFC5F2C90F86400943EBC /* Info.plist */ = {isa = PBXFileReference; lastKnownFileType = text.plist; path = Info.plist; sourceTree = "<group>"; };
		D08FFC602C90F8FA00943EBC /* LocationManager.swift */ = {isa = PBXFileReference; lastKnownFileType = sourcecode.swift; path = LocationManager.swift; sourceTree = "<group>"; };
		D08FFC622C91047300943EBC /* MapCoordinator.swift */ = {isa = PBXFileReference; lastKnownFileType = sourcecode.swift; path = MapCoordinator.swift; sourceTree = "<group>"; };
		D0AFE9BD2C7FBA520014AFD7 /* chinchorro.app */ = {isa = PBXFileReference; explicitFileType = wrapper.application; includeInIndex = 0; path = chinchorro.app; sourceTree = BUILT_PRODUCTS_DIR; };
		D0AFE9C02C7FBA520014AFD7 /* chinchorroApp.swift */ = {isa = PBXFileReference; lastKnownFileType = sourcecode.swift; path = chinchorroApp.swift; sourceTree = "<group>"; };
		D0AFE9C22C7FBA520014AFD7 /* ContentView.swift */ = {isa = PBXFileReference; lastKnownFileType = sourcecode.swift; path = ContentView.swift; sourceTree = "<group>"; };
		D0AFE9C42C7FBA530014AFD7 /* Assets.xcassets */ = {isa = PBXFileReference; lastKnownFileType = folder.assetcatalog; path = Assets.xcassets; sourceTree = "<group>"; };
		D0AFE9C72C7FBA530014AFD7 /* Preview Assets.xcassets */ = {isa = PBXFileReference; lastKnownFileType = folder.assetcatalog; path = "Preview Assets.xcassets"; sourceTree = "<group>"; };
		D0AFE9CE2C7FBAA30014AFD7 /* AppDelegate.swift */ = {isa = PBXFileReference; fileEncoding = 4; lastKnownFileType = sourcecode.swift; path = AppDelegate.swift; sourceTree = "<group>"; };
		D0AFE9D02C7FBAAE0014AFD7 /* MapView.swift */ = {isa = PBXFileReference; fileEncoding = 4; lastKnownFileType = sourcecode.swift; path = MapView.swift; sourceTree = "<group>"; };
		D0AFE9D52C7FBDCC0014AFD7 /* Environment.swift */ = {isa = PBXFileReference; lastKnownFileType = sourcecode.swift; path = Environment.swift; sourceTree = "<group>"; };
		D0AFE9D72C7FBE9A0014AFD7 /* env.json */ = {isa = PBXFileReference; lastKnownFileType = text.json; path = env.json; sourceTree = "<group>"; };
		D0AFE9D92C7FBEFB0014AFD7 /* env.example.json */ = {isa = PBXFileReference; lastKnownFileType = text.json; path = env.example.json; sourceTree = "<group>"; };
/* End PBXFileReference section */

/* Begin PBXFrameworksBuildPhase section */
		D0AFE9BA2C7FBA520014AFD7 /* Frameworks */ = {
			isa = PBXFrameworksBuildPhase;
			buildActionMask = 2147483647;
			files = (
				D0AFE9D42C7FBB0F0014AFD7 /* GoogleMaps in Frameworks */,
			);
			runOnlyForDeploymentPostprocessing = 0;
		};
/* End PBXFrameworksBuildPhase section */

/* Begin PBXGroup section */
		D0AFE9B42C7FBA520014AFD7 = {
			isa = PBXGroup;
			children = (
				D0AFE9BF2C7FBA520014AFD7 /* chinchorro */,
				D0AFE9BE2C7FBA520014AFD7 /* Products */,
			);
			sourceTree = "<group>";
		};
		D0AFE9BE2C7FBA520014AFD7 /* Products */ = {
			isa = PBXGroup;
			children = (
				D0AFE9BD2C7FBA520014AFD7 /* chinchorro.app */,
			);
			name = Products;
			sourceTree = "<group>";
		};
		D0AFE9BF2C7FBA520014AFD7 /* chinchorro */ = {
			isa = PBXGroup;
			children = (
				D08FFC5F2C90F86400943EBC /* Info.plist */,
				D0AFE9CE2C7FBAA30014AFD7 /* AppDelegate.swift */,
				D0AFE9C02C7FBA520014AFD7 /* chinchorroApp.swift */,
				D0AFE9C22C7FBA520014AFD7 /* ContentView.swift */,
				D0AFE9D52C7FBDCC0014AFD7 /* Environment.swift */,
				D0AFE9D02C7FBAAE0014AFD7 /* MapView.swift */,
				D0AFE9C42C7FBA530014AFD7 /* Assets.xcassets */,
				D0AFE9C62C7FBA530014AFD7 /* Preview Content */,
				D0AFE9D72C7FBE9A0014AFD7 /* env.json */,
				D0AFE9D92C7FBEFB0014AFD7 /* env.example.json */,
				D08FFC602C90F8FA00943EBC /* LocationManager.swift */,
				D08FFC622C91047300943EBC /* MapCoordinator.swift */,
			);
			path = chinchorro;
			sourceTree = "<group>";
		};
		D0AFE9C62C7FBA530014AFD7 /* Preview Content */ = {
			isa = PBXGroup;
			children = (
				D0AFE9C72C7FBA530014AFD7 /* Preview Assets.xcassets */,
			);
			path = "Preview Content";
			sourceTree = "<group>";
		};
/* End PBXGroup section */

/* Begin PBXNativeTarget section */
		D0AFE9BC2C7FBA520014AFD7 /* chinchorro */ = {
			isa = PBXNativeTarget;
			buildConfigurationList = D0AFE9CB2C7FBA530014AFD7 /* Build configuration list for PBXNativeTarget "chinchorro" */;
			buildPhases = (
				D0AFE9B92C7FBA520014AFD7 /* Sources */,
				D0AFE9BA2C7FBA520014AFD7 /* Frameworks */,
				D0AFE9BB2C7FBA520014AFD7 /* Resources */,
			);
			buildRules = (
			);
			dependencies = (
			);
			name = chinchorro;
			packageProductDependencies = (
				D0AFE9D32C7FBB0F0014AFD7 /* GoogleMaps */,
			);
			productName = chinchorro;
			productReference = D0AFE9BD2C7FBA520014AFD7 /* chinchorro.app */;
			productType = "com.apple.product-type.application";
		};
/* End PBXNativeTarget section */

/* Begin PBXProject section */
		D0AFE9B52C7FBA520014AFD7 /* Project object */ = {
			isa = PBXProject;
			attributes = {
				BuildIndependentTargetsInParallel = 1;
				LastSwiftUpdateCheck = 1530;
				LastUpgradeCheck = 1530;
				TargetAttributes = {
					D0AFE9BC2C7FBA520014AFD7 = {
						CreatedOnToolsVersion = 15.3;
					};
				};
			};
			buildConfigurationList = D0AFE9B82C7FBA520014AFD7 /* Build configuration list for PBXProject "chinchorro" */;
			compatibilityVersion = "Xcode 14.0";
			developmentRegion = en;
			hasScannedForEncodings = 0;
			knownRegions = (
				en,
				Base,
			);
			mainGroup = D0AFE9B42C7FBA520014AFD7;
			packageReferences = (
				D0AFE9D22C7FBB0F0014AFD7 /* XCRemoteSwiftPackageReference "ios-maps-sdk" */,
			);
			productRefGroup = D0AFE9BE2C7FBA520014AFD7 /* Products */;
			projectDirPath = "";
			projectRoot = "";
			targets = (
				D0AFE9BC2C7FBA520014AFD7 /* chinchorro */,
			);
		};
/* End PBXProject section */

/* Begin PBXResourcesBuildPhase section */
		D0AFE9BB2C7FBA520014AFD7 /* Resources */ = {
			isa = PBXResourcesBuildPhase;
			buildActionMask = 2147483647;
			files = (
				D0AFE9C82C7FBA530014AFD7 /* Preview Assets.xcassets in Resources */,
				D0AFE9C52C7FBA530014AFD7 /* Assets.xcassets in Resources */,
				D0AFE9D82C7FBE9A0014AFD7 /* env.json in Resources */,
				D0AFE9DA2C7FBEFB0014AFD7 /* env.example.json in Resources */,
			);
			runOnlyForDeploymentPostprocessing = 0;
		};
/* End PBXResourcesBuildPhase section */

/* Begin PBXSourcesBuildPhase section */
		D0AFE9B92C7FBA520014AFD7 /* Sources */ = {
			isa = PBXSourcesBuildPhase;
			buildActionMask = 2147483647;
			files = (
				D0AFE9CF2C7FBAA30014AFD7 /* AppDelegate.swift in Sources */,
				D0AFE9D12C7FBAAE0014AFD7 /* MapView.swift in Sources */,
				D08FFC632C91047300943EBC /* MapCoordinator.swift in Sources */,
				D08FFC612C90F8FA00943EBC /* LocationManager.swift in Sources */,
				D0AFE9C32C7FBA520014AFD7 /* ContentView.swift in Sources */,
				D0AFE9C12C7FBA520014AFD7 /* chinchorroApp.swift in Sources */,
				D0AFE9D62C7FBDCC0014AFD7 /* Environment.swift in Sources */,
			);
			runOnlyForDeploymentPostprocessing = 0;
		};
/* End PBXSourcesBuildPhase section */

/* Begin XCBuildConfiguration section */
		D0AFE9C92C7FBA530014AFD7 /* Debug */ = {
			isa = XCBuildConfiguration;
			buildSettings = {
				ALWAYS_SEARCH_USER_PATHS = NO;
				ASSETCATALOG_COMPILER_GENERATE_SWIFT_ASSET_SYMBOL_EXTENSIONS = YES;
				CLANG_ANALYZER_NONNULL = YES;
				CLANG_ANALYZER_NUMBER_OBJECT_CONVERSION = YES_AGGRESSIVE;
				CLANG_CXX_LANGUAGE_STANDARD = "gnu++20";
				CLANG_ENABLE_MODULES = YES;
				CLANG_ENABLE_OBJC_ARC = YES;
				CLANG_ENABLE_OBJC_WEAK = YES;
				CLANG_WARN_BLOCK_CAPTURE_AUTORELEASING = YES;
				CLANG_WARN_BOOL_CONVERSION = YES;
				CLANG_WARN_COMMA = YES;
				CLANG_WARN_CONSTANT_CONVERSION = YES;
				CLANG_WARN_DEPRECATED_OBJC_IMPLEMENTATIONS = YES;
				CLANG_WARN_DIRECT_OBJC_ISA_USAGE = YES_ERROR;
				CLANG_WARN_DOCUMENTATION_COMMENTS = YES;
				CLANG_WARN_EMPTY_BODY = YES;
				CLANG_WARN_ENUM_CONVERSION = YES;
				CLANG_WARN_INFINITE_RECURSION = YES;
				CLANG_WARN_INT_CONVERSION = YES;
				CLANG_WARN_NON_LITERAL_NULL_CONVERSION = YES;
				CLANG_WARN_OBJC_IMPLICIT_RETAIN_SELF = YES;
				CLANG_WARN_OBJC_LITERAL_CONVERSION = YES;
				CLANG_WARN_OBJC_ROOT_CLASS = YES_ERROR;
				CLANG_WARN_QUOTED_INCLUDE_IN_FRAMEWORK_HEADER = YES;
				CLANG_WARN_RANGE_LOOP_ANALYSIS = YES;
				CLANG_WARN_STRICT_PROTOTYPES = YES;
				CLANG_WARN_SUSPICIOUS_MOVE = YES;
				CLANG_WARN_UNGUARDED_AVAILABILITY = YES_AGGRESSIVE;
				CLANG_WARN_UNREACHABLE_CODE = YES;
				CLANG_WARN__DUPLICATE_METHOD_MATCH = YES;
				COPY_PHASE_STRIP = NO;
				DEBUG_INFORMATION_FORMAT = dwarf;
				ENABLE_STRICT_OBJC_MSGSEND = YES;
				ENABLE_TESTABILITY = YES;
				ENABLE_USER_SCRIPT_SANDBOXING = YES;
				GCC_C_LANGUAGE_STANDARD = gnu17;
				GCC_DYNAMIC_NO_PIC = NO;
				GCC_NO_COMMON_BLOCKS = YES;
				GCC_OPTIMIZATION_LEVEL = 0;
				GCC_PREPROCESSOR_DEFINITIONS = (
					"DEBUG=1",
					"$(inherited)",
				);
				GCC_WARN_64_TO_32_BIT_CONVERSION = YES;
				GCC_WARN_ABOUT_RETURN_TYPE = YES_ERROR;
				GCC_WARN_UNDECLARED_SELECTOR = YES;
				GCC_WARN_UNINITIALIZED_AUTOS = YES_AGGRESSIVE;
				GCC_WARN_UNUSED_FUNCTION = YES;
				GCC_WARN_UNUSED_VARIABLE = YES;
				IPHONEOS_DEPLOYMENT_TARGET = 17.4;
				LOCALIZATION_PREFERS_STRING_CATALOGS = YES;
				MTL_ENABLE_DEBUG_INFO = INCLUDE_SOURCE;
				MTL_FAST_MATH = YES;
				ONLY_ACTIVE_ARCH = YES;
				SDKROOT = iphoneos;
				SWIFT_ACTIVE_COMPILATION_CONDITIONS = "DEBUG $(inherited)";
				SWIFT_OPTIMIZATION_LEVEL = "-Onone";
			};
			name = Debug;
		};
		D0AFE9CA2C7FBA530014AFD7 /* Release */ = {
			isa = XCBuildConfiguration;
			buildSettings = {
				ALWAYS_SEARCH_USER_PATHS = NO;
				ASSETCATALOG_COMPILER_GENERATE_SWIFT_ASSET_SYMBOL_EXTENSIONS = YES;
				CLANG_ANALYZER_NONNULL = YES;
				CLANG_ANALYZER_NUMBER_OBJECT_CONVERSION = YES_AGGRESSIVE;
				CLANG_CXX_LANGUAGE_STANDARD = "gnu++20";
				CLANG_ENABLE_MODULES = YES;
				CLANG_ENABLE_OBJC_ARC = YES;
				CLANG_ENABLE_OBJC_WEAK = YES;
				CLANG_WARN_BLOCK_CAPTURE_AUTORELEASING = YES;
				CLANG_WARN_BOOL_CONVERSION = YES;
				CLANG_WARN_COMMA = YES;
				CLANG_WARN_CONSTANT_CONVERSION = YES;
				CLANG_WARN_DEPRECATED_OBJC_IMPLEMENTATIONS = YES;
				CLANG_WARN_DIRECT_OBJC_ISA_USAGE = YES_ERROR;
				CLANG_WARN_DOCUMENTATION_COMMENTS = YES;
				CLANG_WARN_EMPTY_BODY = YES;
				CLANG_WARN_ENUM_CONVERSION = YES;
				CLANG_WARN_INFINITE_RECURSION = YES;
				CLANG_WARN_INT_CONVERSION = YES;
				CLANG_WARN_NON_LITERAL_NULL_CONVERSION = YES;
				CLANG_WARN_OBJC_IMPLICIT_RETAIN_SELF = YES;
				CLANG_WARN_OBJC_LITERAL_CONVERSION = YES;
				CLANG_WARN_OBJC_ROOT_CLASS = YES_ERROR;
				CLANG_WARN_QUOTED_INCLUDE_IN_FRAMEWORK_HEADER = YES;
				CLANG_WARN_RANGE_LOOP_ANALYSIS = YES;
				CLANG_WARN_STRICT_PROTOTYPES = YES;
				CLANG_WARN_SUSPICIOUS_MOVE = YES;
				CLANG_WARN_UNGUARDED_AVAILABILITY = YES_AGGRESSIVE;
				CLANG_WARN_UNREACHABLE_CODE = YES;
				CLANG_WARN__DUPLICATE_METHOD_MATCH = YES;
				COPY_PHASE_STRIP = NO;
				DEBUG_INFORMATION_FORMAT = "dwarf-with-dsym";
				ENABLE_NS_ASSERTIONS = NO;
				ENABLE_STRICT_OBJC_MSGSEND = YES;
				ENABLE_USER_SCRIPT_SANDBOXING = YES;
				GCC_C_LANGUAGE_STANDARD = gnu17;
				GCC_NO_COMMON_BLOCKS = YES;
				GCC_WARN_64_TO_32_BIT_CONVERSION = YES;
				GCC_WARN_ABOUT_RETURN_TYPE = YES_ERROR;
				GCC_WARN_UNDECLARED_SELECTOR = YES;
				GCC_WARN_UNINITIALIZED_AUTOS = YES_AGGRESSIVE;
				GCC_WARN_UNUSED_FUNCTION = YES;
				GCC_WARN_UNUSED_VARIABLE = YES;
				IPHONEOS_DEPLOYMENT_TARGET = 17.4;
				LOCALIZATION_PREFERS_STRING_CATALOGS = YES;
				MTL_ENABLE_DEBUG_INFO = NO;
				MTL_FAST_MATH = YES;
				SDKROOT = iphoneos;
				SWIFT_COMPILATION_MODE = wholemodule;
				VALIDATE_PRODUCT = YES;
			};
			name = Release;
		};
		D0AFE9CC2C7FBA530014AFD7 /* Debug */ = {
			isa = XCBuildConfiguration;
			buildSettings = {
				ASSETCATALOG_COMPILER_APPICON_NAME = AppIcon;
				ASSETCATALOG_COMPILER_GLOBAL_ACCENT_COLOR_NAME = AccentColor;
				CODE_SIGN_STYLE = Automatic;
				CURRENT_PROJECT_VERSION = 1;
				DEVELOPMENT_ASSET_PATHS = "\"chinchorro/Preview Content\"";
				DEVELOPMENT_TEAM = R2D8G8MDYK;
				ENABLE_PREVIEWS = YES;
				GENERATE_INFOPLIST_FILE = YES;
				INFOPLIST_FILE = chinchorro/Info.plist;
				INFOPLIST_KEY_CFBundleDisplayName = Chinchorro;
				INFOPLIST_KEY_LSApplicationCategoryType = "public.app-category.food-and-drink";
				INFOPLIST_KEY_NSLocationWhenInUseUsageDescription = "This app needs access to your location to find the worst places near you";
				INFOPLIST_KEY_UIApplicationSceneManifest_Generation = YES;
				INFOPLIST_KEY_UIApplicationSupportsIndirectInputEvents = YES;
				INFOPLIST_KEY_UILaunchScreen_Generation = YES;
				INFOPLIST_KEY_UISupportedInterfaceOrientations = UIInterfaceOrientationPortrait;
				INFOPLIST_KEY_UISupportedInterfaceOrientations_iPad = "UIInterfaceOrientationLandscapeLeft UIInterfaceOrientationLandscapeRight UIInterfaceOrientationPortrait UIInterfaceOrientationPortraitUpsideDown";
				LD_RUNPATH_SEARCH_PATHS = (
					"$(inherited)",
					"@executable_path/Frameworks",
				);
				MARKETING_VERSION = 0.1;
				PRODUCT_BUNDLE_IDENTIFIER = dev.frostra1n.chinchorro;
				PRODUCT_NAME = "$(TARGET_NAME)";
				SUPPORTED_PLATFORMS = "iphoneos iphonesimulator";
				SUPPORTS_MACCATALYST = NO;
				SUPPORTS_MAC_DESIGNED_FOR_IPHONE_IPAD = NO;
				SUPPORTS_XR_DESIGNED_FOR_IPHONE_IPAD = NO;
				SWIFT_EMIT_LOC_STRINGS = YES;
				SWIFT_VERSION = 5.0;
				TARGETED_DEVICE_FAMILY = 1;
			};
			name = Debug;
		};
		D0AFE9CD2C7FBA530014AFD7 /* Release */ = {
			isa = XCBuildConfiguration;
			buildSettings = {
				ASSETCATALOG_COMPILER_APPICON_NAME = AppIcon;
				ASSETCATALOG_COMPILER_GLOBAL_ACCENT_COLOR_NAME = AccentColor;
				CODE_SIGN_STYLE = Automatic;
				CURRENT_PROJECT_VERSION = 1;
				DEVELOPMENT_ASSET_PATHS = "\"chinchorro/Preview Content\"";
				DEVELOPMENT_TEAM = R2D8G8MDYK;
				ENABLE_PREVIEWS = YES;
				GENERATE_INFOPLIST_FILE = YES;
				INFOPLIST_FILE = chinchorro/Info.plist;
				INFOPLIST_KEY_CFBundleDisplayName = Chinchorro;
				INFOPLIST_KEY_LSApplicationCategoryType = "public.app-category.food-and-drink";
				INFOPLIST_KEY_NSLocationWhenInUseUsageDescription = "This app needs access to your location to find the worst places near you";
				INFOPLIST_KEY_UIApplicationSceneManifest_Generation = YES;
				INFOPLIST_KEY_UIApplicationSupportsIndirectInputEvents = YES;
				INFOPLIST_KEY_UILaunchScreen_Generation = YES;
				INFOPLIST_KEY_UISupportedInterfaceOrientations = UIInterfaceOrientationPortrait;
				INFOPLIST_KEY_UISupportedInterfaceOrientations_iPad = "UIInterfaceOrientationLandscapeLeft UIInterfaceOrientationLandscapeRight UIInterfaceOrientationPortrait UIInterfaceOrientationPortraitUpsideDown";
				LD_RUNPATH_SEARCH_PATHS = (
					"$(inherited)",
					"@executable_path/Frameworks",
				);
				MARKETING_VERSION = 0.1;
				PRODUCT_BUNDLE_IDENTIFIER = dev.frostra1n.chinchorro;
				PRODUCT_NAME = "$(TARGET_NAME)";
				SUPPORTED_PLATFORMS = "iphoneos iphonesimulator";
				SUPPORTS_MACCATALYST = NO;
				SUPPORTS_MAC_DESIGNED_FOR_IPHONE_IPAD = NO;
				SUPPORTS_XR_DESIGNED_FOR_IPHONE_IPAD = NO;
				SWIFT_EMIT_LOC_STRINGS = YES;
				SWIFT_VERSION = 5.0;
				TARGETED_DEVICE_FAMILY = 1;
			};
			name = Release;
		};
/* End XCBuildConfiguration section */

/* Begin XCConfigurationList section */
		D0AFE9B82C7FBA520014AFD7 /* Build configuration list for PBXProject "chinchorro" */ = {
			isa = XCConfigurationList;
			buildConfigurations = (
				D0AFE9C92C7FBA530014AFD7 /* Debug */,
				D0AFE9CA2C7FBA530014AFD7 /* Release */,
			);
			defaultConfigurationIsVisible = 0;
			defaultConfigurationName = Release;
		};
		D0AFE9CB2C7FBA530014AFD7 /* Build configuration list for PBXNativeTarget "chinchorro" */ = {
			isa = XCConfigurationList;
			buildConfigurations = (
				D0AFE9CC2C7FBA530014AFD7 /* Debug */,
				D0AFE9CD2C7FBA530014AFD7 /* Release */,
			);
			defaultConfigurationIsVisible = 0;
			defaultConfigurationName = Release;
		};
/* End XCConfigurationList section */

/* Begin XCRemoteSwiftPackageReference section */
		D0AFE9D22C7FBB0F0014AFD7 /* XCRemoteSwiftPackageReference "ios-maps-sdk" */ = {
			isa = XCRemoteSwiftPackageReference;
			repositoryURL = "https://github.com/googlemaps/ios-maps-sdk";
			requirement = {
				kind = exactVersion;
				version = 9.1.0;
			};
		};
/* End XCRemoteSwiftPackageReference section */

/* Begin XCSwiftPackageProductDependency section */
		D0AFE9D32C7FBB0F0014AFD7 /* GoogleMaps */ = {
			isa = XCSwiftPackageProductDependency;
			package = D0AFE9D22C7FBB0F0014AFD7 /* XCRemoteSwiftPackageReference "ios-maps-sdk" */;
			productName = GoogleMaps;
		};
/* End XCSwiftPackageProductDependency section */
	};
	rootObject = D0AFE9B52C7FBA520014AFD7 /* Project object */;
}
